
Microsoft Visual Studio Solution File, Format Version 12.00
# Visual Studio Version 17
VisualStudioVersion = 17.12.35514.174 d17.12
MinimumVisualStudioVersion = 10.0.40219.1
Project("{FAE04EC0-301F-11D3-BF4B-00C04F79EFBC}") = "CalProm6Yer", "CalProm6Yer.csproj", "{BB146FC3-DA81-49B8-B092-418C4287F7E0}"
EndProject
Global
	GlobalSection(SolutionConfigurationPlatforms) = preSolution
		Debug|Any CPU = Debug|Any CPU
		Release|Any CPU = Release|Any CPU
	EndGlobalSection
	GlobalSection(ProjectConfigurationPlatforms) = postSolution
		{BB146FC3-DA81-49B8-B092-418C4287F7E0}.Debug|Any CPU.ActiveCfg = Debug|Any CPU
		{BB146FC3-DA81-49B8-B092-418C4287F7E0}.Debug|Any CPU.Build.0 = Debug|Any CPU
		{BB146FC3-DA81-49B8-B092-418C4287F7E0}.Release|Any CPU.ActiveCfg = Release|Any CPU
		{BB146FC3-DA81-49B8-B092-418C4287F7E0}.Release|Any CPU.Build.0 = Release|Any CPU
	EndGlobalSection
	GlobalSection(SolutionProperties) = preSolution
		HideSolutionNode = FALSE
	EndGlobalSection
EndGlobal
