
Microsoft Visual Studio Solution File, Format Version 12.00
# Visual Studio Version 17
VisualStudioVersion = 17.12.35514.174 d17.12
MinimumVisualStudioVersion = 10.0.40219.1
Project("{FAE04EC0-301F-11D3-BF4B-00C04F79EFBC}") = "FacturaTotalDesglozado", "FacturaTotalDesglozado.csproj", "{BB2CAA5D-2B96-45B9-8914-B6963B6DDCEA}"
EndProject
Global
	GlobalSection(SolutionConfigurationPlatforms) = preSolution
		Debug|Any CPU = Debug|Any CPU
		Release|Any CPU = Release|Any CPU
	EndGlobalSection
	GlobalSection(ProjectConfigurationPlatforms) = postSolution
		{BB2CAA5D-2B96-45B9-8914-B6963B6DDCEA}.Debug|Any CPU.ActiveCfg = Debug|Any CPU
		{BB2CAA5D-2B96-45B9-8914-B6963B6DDCEA}.Debug|Any CPU.Build.0 = Debug|Any CPU
		{BB2CAA5D-2B96-45B9-8914-B6963B6DDCEA}.Release|Any CPU.ActiveCfg = Release|Any CPU
		{BB2CAA5D-2B96-45B9-8914-B6963B6DDCEA}.Release|Any CPU.Build.0 = Release|Any CPU
	EndGlobalSection
	GlobalSection(SolutionProperties) = preSolution
		HideSolutionNode = FALSE
	EndGlobalSection
EndGlobal
