
Microsoft Visual Studio Solution File, Format Version 12.00
# Visual Studio Version 17
VisualStudioVersion = 17.12.35514.174 d17.12
MinimumVisualStudioVersion = 10.0.40219.1
Project("{FAE04EC0-301F-11D3-BF4B-00C04F79EFBC}") = "vector8yer", "vector8yer.csproj", "{2DF9C79E-5B71-4465-8C64-9A74E557F571}"
EndProject
Global
	GlobalSection(SolutionConfigurationPlatforms) = preSolution
		Debug|Any CPU = Debug|Any CPU
		Release|Any CPU = Release|Any CPU
	EndGlobalSection
	GlobalSection(ProjectConfigurationPlatforms) = postSolution
		{2DF9C79E-5B71-4465-8C64-9A74E557F571}.Debug|Any CPU.ActiveCfg = Debug|Any CPU
		{2DF9C79E-5B71-4465-8C64-9A74E557F571}.Debug|Any CPU.Build.0 = Debug|Any CPU
		{2DF9C79E-5B71-4465-8C64-9A74E557F571}.Release|Any CPU.ActiveCfg = Release|Any CPU
		{2DF9C79E-5B71-4465-8C64-9A74E557F571}.Release|Any CPU.Build.0 = Release|Any CPU
	EndGlobalSection
	GlobalSection(SolutionProperties) = preSolution
		HideSolutionNode = FALSE
	EndGlobalSection
EndGlobal
